
Microsoft Visual Studio Solution File, Format Version 12.00
# Visual Studio Version 17
VisualStudioVersion = 17.13.35818.85
MinimumVisualStudioVersion = 10.0.40219.1
Project("{2150E333-8FDC-42A3-9474-1A3956D46DE8}") = "1_Basic_Value_Types", "1_Basic_Value_Types", "{02EA681E-C7D8-13C7-8484-4AC65E1B71E8}"
EndProject
Project("{2150E333-8FDC-42A3-9474-1A3956D46DE8}") = "1_String", "1_String", "{51FE93AD-6950-49CF-A805-975DB8D48D26}"
EndProject
Project("{FAE04EC0-301F-11D3-BF4B-00C04F79EFBC}") = "Work_With_Sting", "Work_With_Sting\Work_With_Sting.csproj", "{552729CA-BC12-4DFE-8F0D-6CCF724733CF}"
EndProject
Project("{2150E333-8FDC-42A3-9474-1A3956D46DE8}") = "2_Integers", "2_Integers", "{D145BBD8-89BC-4AFA-87A4-D2559D7BF925}"
EndProject
Project("{2150E333-8FDC-42A3-9474-1A3956D46DE8}") = "3_Float_&_Double", "3_Float_&_Double", "{BD34BF19-43A3-48D3-8AF7-456105EA577C}"
EndProject
Project("{2150E333-8FDC-42A3-9474-1A3956D46DE8}") = "4_Boolean", "4_Boolean", "{AB45520D-806E-4D99-80B2-86C136C9FCDA}"
EndProject
Project("{2150E333-8FDC-42A3-9474-1A3956D46DE8}") = "5_DataTime", "5_DataTime", "{EDF097B2-44C5-4891-9876-617A935B6B5F}"
EndProject
Project("{2150E333-8FDC-42A3-9474-1A3956D46DE8}") = "6_Casting_&_Passing", "6_Casting_&_Passing", "{B5249A59-AEBA-4471-ABA8-098D77973F1B}"
EndProject
Project("{FAE04EC0-301F-11D3-BF4B-00C04F79EFBC}") = "Working_With_Integers", "Working_With_Integers\Working_With_Integers.csproj", "{4D74383D-3F9C-46AC-A99A-1C9E74C9A0A4}"
EndProject
Project("{FAE04EC0-301F-11D3-BF4B-00C04F79EFBC}") = "Working_Wirh_Float_&_Double", "Working_Wirh_Float_&_Double\Working_Wirh_Float_&_Double.csproj", "{1B183D8B-374F-49F6-BD36-E761220B4E96}"
EndProject
Project("{FAE04EC0-301F-11D3-BF4B-00C04F79EFBC}") = "Working_With_Boolean", "Working_With_Boolean\Working_With_Boolean.csproj", "{E0863265-D9C5-4609-AD91-EBE156E9F1D0}"
EndProject
Project("{FAE04EC0-301F-11D3-BF4B-00C04F79EFBC}") = "Working_With_DataTime", "Working_With_DataTime\Working_With_DataTime.csproj", "{3D7D8913-E477-48BB-8F9E-0EDC947BC089}"
EndProject
Project("{FAE04EC0-301F-11D3-BF4B-00C04F79EFBC}") = "Working_With_Casting_&_Passing", "Working_With_Casting_&_Passing\Working_With_Casting_&_Passing.csproj", "{E677EA9A-3835-46D8-AB30-F5F35EC6FB13}"
EndProject
Project("{2150E333-8FDC-42A3-9474-1A3956D46DE8}") = "2_Control Flow", "2_Control Flow", "{96632BD4-74D3-47B8-9566-F5C6A5524C80}"
EndProject
Project("{2150E333-8FDC-42A3-9474-1A3956D46DE8}") = "1_If_Statements", "1_If_Statements", "{13DA4E93-6C98-44EC-AE1E-155FDC74BC6C}"
EndProject
Project("{2150E333-8FDC-42A3-9474-1A3956D46DE8}") = "2_Ternary_Operators", "2_Ternary_Operators", "{E751C3AF-B87C-4F98-A494-1A22266EEC9D}"
EndProject
Project("{2150E333-8FDC-42A3-9474-1A3956D46DE8}") = "3_Switch_Statements", "3_Switch_Statements", "{6939F59B-4315-44D7-B051-357BDC8E77F9}"
EndProject
Project("{FAE04EC0-301F-11D3-BF4B-00C04F79EFBC}") = "IfStatement", "IfStatement\IfStatement.csproj", "{5651D481-91DD-4854-9AC6-BF0F844F4F94}"
EndProject
Project("{FAE04EC0-301F-11D3-BF4B-00C04F79EFBC}") = "TernaryOperator", "TernaryOperator\TernaryOperator.csproj", "{866C14AF-80F3-40F5-80F8-E1D01E1DCC63}"
EndProject
Project("{FAE04EC0-301F-11D3-BF4B-00C04F79EFBC}") = "SwitchStatements", "SwitchStatements\SwitchStatements.csproj", "{A44B9DC5-D8A4-45AF-B5FF-4EE6085B5DE3}"
EndProject
Project("{2150E333-8FDC-42A3-9474-1A3956D46DE8}") = "3_Collections", "3_Collections", "{036B00CA-1F66-4FE2-BF4F-76B65301707A}"
EndProject
Project("{2150E333-8FDC-42A3-9474-1A3956D46DE8}") = "1_Arrays", "1_Arrays", "{CF0CE0EF-174F-4D4D-B9B9-2DD9ADD24D9C}"
EndProject
Project("{2150E333-8FDC-42A3-9474-1A3956D46DE8}") = "2_Lists", "2_Lists", "{D481C329-16DA-43AE-ACE7-7EE95AD5AEA0}"
EndProject
Project("{2150E333-8FDC-42A3-9474-1A3956D46DE8}") = "3_Dictionaries", "3_Dictionaries", "{BABD21BD-62BF-4E1E-8F8A-D20A74DF34B2}"
EndProject
Project("{FAE04EC0-301F-11D3-BF4B-00C04F79EFBC}") = "Arrays", "Arrays\Arrays.csproj", "{05B185D2-5EBD-44FA-ABCE-CD54ED3F52D0}"
EndProject
Project("{FAE04EC0-301F-11D3-BF4B-00C04F79EFBC}") = "Lists", "Lists\Lists.csproj", "{E33D3788-68A4-49E9-9C4B-BBC8783B199B}"
EndProject
Project("{FAE04EC0-301F-11D3-BF4B-00C04F79EFBC}") = "Dictionary", "Dictionary\Dictionary.csproj", "{63E33AFB-23BC-4DF1-9EEB-29ACDD446EE2}"
EndProject
Project("{2150E333-8FDC-42A3-9474-1A3956D46DE8}") = "4_Loops", "4_Loops", "{CADEC398-28BD-460B-92C4-9FA6D2236207}"
EndProject
Project("{2150E333-8FDC-42A3-9474-1A3956D46DE8}") = "5_Methods", "5_Methods", "{EBCB258C-2B37-4F73-92B5-E8026A3325D4}"
EndProject
Project("{2150E333-8FDC-42A3-9474-1A3956D46DE8}") = "6_Debugging&Exceptions", "6_Debugging&Exceptions", "{FFBE395B-C410-4418-B024-C8BCAEAB6AC5}"
EndProject
Project("{2150E333-8FDC-42A3-9474-1A3956D46DE8}") = "7_ObjectOrientedProgramming", "7_ObjectOrientedProgramming", "{AC2EE22D-F80E-49C6-A6B6-B6E8711B8D07}"
EndProject
Project("{2150E333-8FDC-42A3-9474-1A3956D46DE8}") = "8_PutItAllTogether!", "8_PutItAllTogether!", "{B8C5D2D1-95AC-439E-A7A9-47BCF6B3A324}"
EndProject
Project("{FAE04EC0-301F-11D3-BF4B-00C04F79EFBC}") = "WhileLoop", "WhileLoop\WhileLoop.csproj", "{42DE3A94-6F66-4BA5-9CBB-1428ADE6D75A}"
EndProject
Project("{FAE04EC0-301F-11D3-BF4B-00C04F79EFBC}") = "Forloop", "Forloop\Forloop.csproj", "{77110AA4-CB17-49DE-8AE5-266F3747DCA4}"
EndProject
Project("{2150E333-8FDC-42A3-9474-1A3956D46DE8}") = "1_While", "1_While", "{AB85DBD2-ACCD-47AC-A780-057A35BFB394}"
EndProject
Project("{2150E333-8FDC-42A3-9474-1A3956D46DE8}") = "2_For", "2_For", "{FBDB6975-2CFB-406C-B50E-E91CF7824C88}"
EndProject
Project("{2150E333-8FDC-42A3-9474-1A3956D46DE8}") = "3_ForEach", "3_ForEach", "{027CBC59-DFF1-49AC-99A0-BF67350A32E4}"
EndProject
Project("{FAE04EC0-301F-11D3-BF4B-00C04F79EFBC}") = "ForEachLoop", "ForEachLoop\ForEachLoop.csproj", "{D5DF6FDC-33E6-4E09-8BD1-F7435D9518C8}"
EndProject
Project("{2150E333-8FDC-42A3-9474-1A3956D46DE8}") = "1_SimpleMethod", "1_SimpleMethod", "{B5B54475-16E4-4FB1-B5E1-8E839DACAE29}"
EndProject
Project("{2150E333-8FDC-42A3-9474-1A3956D46DE8}") = "2_Arguments", "2_Arguments", "{DDF73A8F-A465-44A7-B697-5C8074862750}"
EndProject
Project("{2150E333-8FDC-42A3-9474-1A3956D46DE8}") = "3_ReturnTypes", "3_ReturnTypes", "{E9302EC7-2880-47CC-811E-B13E9CB595D8}"
EndProject
Project("{FAE04EC0-301F-11D3-BF4B-00C04F79EFBC}") = "SimpleMethod", "SimpleMethod\SimpleMethod.csproj", "{D2CB404C-78BD-4D6B-BFE9-57383ABCBFD1}"
EndProject
Project("{FAE04EC0-301F-11D3-BF4B-00C04F79EFBC}") = "Arguments", "Arguments\Arguments.csproj", "{C12965CF-ED5D-4F24-A217-7D5DD68E0ABC}"
EndProject
Project("{FAE04EC0-301F-11D3-BF4B-00C04F79EFBC}") = "ReturnTypes", "ReturnTypes\ReturnTypes.csproj", "{B8A0F15A-DCBE-4FC2-B238-D7BA492DFED8}"
EndProject
Project("{FAE04EC0-301F-11D3-BF4B-00C04F79EFBC}") = "TryCatch", "TryCatch\TryCatch.csproj", "{3304D142-2D4E-4D21-8167-ED1FC2A4B851}"
EndProject
Project("{FAE04EC0-301F-11D3-BF4B-00C04F79EFBC}") = "DemoProgram", "DemoProgram\DemoProgram.csproj", "{8138FCCA-2516-44DA-9917-39C674FE97A3}"
EndProject
Project("{FAE04EC0-301F-11D3-BF4B-00C04F79EFBC}") = "OOP", "OOP\OOP.csproj", "{E2845FA8-BFA9-4736-9CDE-3428F567B86B}"
EndProject
Global
	GlobalSection(SolutionConfigurationPlatforms) = preSolution
		Debug|Any CPU = Debug|Any CPU
		Release|Any CPU = Release|Any CPU
	EndGlobalSection
	GlobalSection(ProjectConfigurationPlatforms) = postSolution
		{552729CA-BC12-4DFE-8F0D-6CCF724733CF}.Debug|Any CPU.ActiveCfg = Debug|Any CPU
		{552729CA-BC12-4DFE-8F0D-6CCF724733CF}.Debug|Any CPU.Build.0 = Debug|Any CPU
		{552729CA-BC12-4DFE-8F0D-6CCF724733CF}.Release|Any CPU.ActiveCfg = Release|Any CPU
		{552729CA-BC12-4DFE-8F0D-6CCF724733CF}.Release|Any CPU.Build.0 = Release|Any CPU
		{4D74383D-3F9C-46AC-A99A-1C9E74C9A0A4}.Debug|Any CPU.ActiveCfg = Debug|Any CPU
		{4D74383D-3F9C-46AC-A99A-1C9E74C9A0A4}.Debug|Any CPU.Build.0 = Debug|Any CPU
		{4D74383D-3F9C-46AC-A99A-1C9E74C9A0A4}.Release|Any CPU.ActiveCfg = Release|Any CPU
		{4D74383D-3F9C-46AC-A99A-1C9E74C9A0A4}.Release|Any CPU.Build.0 = Release|Any CPU
		{1B183D8B-374F-49F6-BD36-E761220B4E96}.Debug|Any CPU.ActiveCfg = Debug|Any CPU
		{1B183D8B-374F-49F6-BD36-E761220B4E96}.Debug|Any CPU.Build.0 = Debug|Any CPU
		{1B183D8B-374F-49F6-BD36-E761220B4E96}.Release|Any CPU.ActiveCfg = Release|Any CPU
		{1B183D8B-374F-49F6-BD36-E761220B4E96}.Release|Any CPU.Build.0 = Release|Any CPU
		{E0863265-D9C5-4609-AD91-EBE156E9F1D0}.Debug|Any CPU.ActiveCfg = Debug|Any CPU
		{E0863265-D9C5-4609-AD91-EBE156E9F1D0}.Debug|Any CPU.Build.0 = Debug|Any CPU
		{E0863265-D9C5-4609-AD91-EBE156E9F1D0}.Release|Any CPU.ActiveCfg = Release|Any CPU
		{E0863265-D9C5-4609-AD91-EBE156E9F1D0}.Release|Any CPU.Build.0 = Release|Any CPU
		{3D7D8913-E477-48BB-8F9E-0EDC947BC089}.Debug|Any CPU.ActiveCfg = Debug|Any CPU
		{3D7D8913-E477-48BB-8F9E-0EDC947BC089}.Debug|Any CPU.Build.0 = Debug|Any CPU
		{3D7D8913-E477-48BB-8F9E-0EDC947BC089}.Release|Any CPU.ActiveCfg = Release|Any CPU
		{3D7D8913-E477-48BB-8F9E-0EDC947BC089}.Release|Any CPU.Build.0 = Release|Any CPU
		{E677EA9A-3835-46D8-AB30-F5F35EC6FB13}.Debug|Any CPU.ActiveCfg = Debug|Any CPU
		{E677EA9A-3835-46D8-AB30-F5F35EC6FB13}.Debug|Any CPU.Build.0 = Debug|Any CPU
		{E677EA9A-3835-46D8-AB30-F5F35EC6FB13}.Release|Any CPU.ActiveCfg = Release|Any CPU
		{E677EA9A-3835-46D8-AB30-F5F35EC6FB13}.Release|Any CPU.Build.0 = Release|Any CPU
		{5651D481-91DD-4854-9AC6-BF0F844F4F94}.Debug|Any CPU.ActiveCfg = Debug|Any CPU
		{5651D481-91DD-4854-9AC6-BF0F844F4F94}.Debug|Any CPU.Build.0 = Debug|Any CPU
		{5651D481-91DD-4854-9AC6-BF0F844F4F94}.Release|Any CPU.ActiveCfg = Release|Any CPU
		{5651D481-91DD-4854-9AC6-BF0F844F4F94}.Release|Any CPU.Build.0 = Release|Any CPU
		{866C14AF-80F3-40F5-80F8-E1D01E1DCC63}.Debug|Any CPU.ActiveCfg = Debug|Any CPU
		{866C14AF-80F3-40F5-80F8-E1D01E1DCC63}.Debug|Any CPU.Build.0 = Debug|Any CPU
		{866C14AF-80F3-40F5-80F8-E1D01E1DCC63}.Release|Any CPU.ActiveCfg = Release|Any CPU
		{866C14AF-80F3-40F5-80F8-E1D01E1DCC63}.Release|Any CPU.Build.0 = Release|Any CPU
		{A44B9DC5-D8A4-45AF-B5FF-4EE6085B5DE3}.Debug|Any CPU.ActiveCfg = Debug|Any CPU
		{A44B9DC5-D8A4-45AF-B5FF-4EE6085B5DE3}.Debug|Any CPU.Build.0 = Debug|Any CPU
		{A44B9DC5-D8A4-45AF-B5FF-4EE6085B5DE3}.Release|Any CPU.ActiveCfg = Release|Any CPU
		{A44B9DC5-D8A4-45AF-B5FF-4EE6085B5DE3}.Release|Any CPU.Build.0 = Release|Any CPU
		{05B185D2-5EBD-44FA-ABCE-CD54ED3F52D0}.Debug|Any CPU.ActiveCfg = Debug|Any CPU
		{05B185D2-5EBD-44FA-ABCE-CD54ED3F52D0}.Debug|Any CPU.Build.0 = Debug|Any CPU
		{05B185D2-5EBD-44FA-ABCE-CD54ED3F52D0}.Release|Any CPU.ActiveCfg = Release|Any CPU
		{05B185D2-5EBD-44FA-ABCE-CD54ED3F52D0}.Release|Any CPU.Build.0 = Release|Any CPU
		{E33D3788-68A4-49E9-9C4B-BBC8783B199B}.Debug|Any CPU.ActiveCfg = Debug|Any CPU
		{E33D3788-68A4-49E9-9C4B-BBC8783B199B}.Debug|Any CPU.Build.0 = Debug|Any CPU
		{E33D3788-68A4-49E9-9C4B-BBC8783B199B}.Release|Any CPU.ActiveCfg = Release|Any CPU
		{E33D3788-68A4-49E9-9C4B-BBC8783B199B}.Release|Any CPU.Build.0 = Release|Any CPU
		{63E33AFB-23BC-4DF1-9EEB-29ACDD446EE2}.Debug|Any CPU.ActiveCfg = Debug|Any CPU
		{63E33AFB-23BC-4DF1-9EEB-29ACDD446EE2}.Debug|Any CPU.Build.0 = Debug|Any CPU
		{63E33AFB-23BC-4DF1-9EEB-29ACDD446EE2}.Release|Any CPU.ActiveCfg = Release|Any CPU
		{63E33AFB-23BC-4DF1-9EEB-29ACDD446EE2}.Release|Any CPU.Build.0 = Release|Any CPU
		{42DE3A94-6F66-4BA5-9CBB-1428ADE6D75A}.Debug|Any CPU.ActiveCfg = Debug|Any CPU
		{42DE3A94-6F66-4BA5-9CBB-1428ADE6D75A}.Debug|Any CPU.Build.0 = Debug|Any CPU
		{42DE3A94-6F66-4BA5-9CBB-1428ADE6D75A}.Release|Any CPU.ActiveCfg = Release|Any CPU
		{42DE3A94-6F66-4BA5-9CBB-1428ADE6D75A}.Release|Any CPU.Build.0 = Release|Any CPU
		{77110AA4-CB17-49DE-8AE5-266F3747DCA4}.Debug|Any CPU.ActiveCfg = Debug|Any CPU
		{77110AA4-CB17-49DE-8AE5-266F3747DCA4}.Debug|Any CPU.Build.0 = Debug|Any CPU
		{77110AA4-CB17-49DE-8AE5-266F3747DCA4}.Release|Any CPU.ActiveCfg = Release|Any CPU
		{77110AA4-CB17-49DE-8AE5-266F3747DCA4}.Release|Any CPU.Build.0 = Release|Any CPU
		{D5DF6FDC-33E6-4E09-8BD1-F7435D9518C8}.Debug|Any CPU.ActiveCfg = Debug|Any CPU
		{D5DF6FDC-33E6-4E09-8BD1-F7435D9518C8}.Debug|Any CPU.Build.0 = Debug|Any CPU
		{D5DF6FDC-33E6-4E09-8BD1-F7435D9518C8}.Release|Any CPU.ActiveCfg = Release|Any CPU
		{D5DF6FDC-33E6-4E09-8BD1-F7435D9518C8}.Release|Any CPU.Build.0 = Release|Any CPU
		{D2CB404C-78BD-4D6B-BFE9-57383ABCBFD1}.Debug|Any CPU.ActiveCfg = Debug|Any CPU
		{D2CB404C-78BD-4D6B-BFE9-57383ABCBFD1}.Debug|Any CPU.Build.0 = Debug|Any CPU
		{D2CB404C-78BD-4D6B-BFE9-57383ABCBFD1}.Release|Any CPU.ActiveCfg = Release|Any CPU
		{D2CB404C-78BD-4D6B-BFE9-57383ABCBFD1}.Release|Any CPU.Build.0 = Release|Any CPU
		{C12965CF-ED5D-4F24-A217-7D5DD68E0ABC}.Debug|Any CPU.ActiveCfg = Debug|Any CPU
		{C12965CF-ED5D-4F24-A217-7D5DD68E0ABC}.Debug|Any CPU.Build.0 = Debug|Any CPU
		{C12965CF-ED5D-4F24-A217-7D5DD68E0ABC}.Release|Any CPU.ActiveCfg = Release|Any CPU
		{C12965CF-ED5D-4F24-A217-7D5DD68E0ABC}.Release|Any CPU.Build.0 = Release|Any CPU
		{B8A0F15A-DCBE-4FC2-B238-D7BA492DFED8}.Debug|Any CPU.ActiveCfg = Debug|Any CPU
		{B8A0F15A-DCBE-4FC2-B238-D7BA492DFED8}.Debug|Any CPU.Build.0 = Debug|Any CPU
		{B8A0F15A-DCBE-4FC2-B238-D7BA492DFED8}.Release|Any CPU.ActiveCfg = Release|Any CPU
		{B8A0F15A-DCBE-4FC2-B238-D7BA492DFED8}.Release|Any CPU.Build.0 = Release|Any CPU
		{3304D142-2D4E-4D21-8167-ED1FC2A4B851}.Debug|Any CPU.ActiveCfg = Debug|Any CPU
		{3304D142-2D4E-4D21-8167-ED1FC2A4B851}.Debug|Any CPU.Build.0 = Debug|Any CPU
		{3304D142-2D4E-4D21-8167-ED1FC2A4B851}.Release|Any CPU.ActiveCfg = Release|Any CPU
		{3304D142-2D4E-4D21-8167-ED1FC2A4B851}.Release|Any CPU.Build.0 = Release|Any CPU
		{8138FCCA-2516-44DA-9917-39C674FE97A3}.Debug|Any CPU.ActiveCfg = Debug|Any CPU
		{8138FCCA-2516-44DA-9917-39C674FE97A3}.Debug|Any CPU.Build.0 = Debug|Any CPU
		{8138FCCA-2516-44DA-9917-39C674FE97A3}.Release|Any CPU.ActiveCfg = Release|Any CPU
		{8138FCCA-2516-44DA-9917-39C674FE97A3}.Release|Any CPU.Build.0 = Release|Any CPU
		{E2845FA8-BFA9-4736-9CDE-3428F567B86B}.Debug|Any CPU.ActiveCfg = Debug|Any CPU
		{E2845FA8-BFA9-4736-9CDE-3428F567B86B}.Debug|Any CPU.Build.0 = Debug|Any CPU
		{E2845FA8-BFA9-4736-9CDE-3428F567B86B}.Release|Any CPU.ActiveCfg = Release|Any CPU
		{E2845FA8-BFA9-4736-9CDE-3428F567B86B}.Release|Any CPU.Build.0 = Release|Any CPU
	EndGlobalSection
	GlobalSection(SolutionProperties) = preSolution
		HideSolutionNode = FALSE
	EndGlobalSection
	GlobalSection(NestedProjects) = preSolution
		{51FE93AD-6950-49CF-A805-975DB8D48D26} = {02EA681E-C7D8-13C7-8484-4AC65E1B71E8}
		{552729CA-BC12-4DFE-8F0D-6CCF724733CF} = {51FE93AD-6950-49CF-A805-975DB8D48D26}
		{D145BBD8-89BC-4AFA-87A4-D2559D7BF925} = {02EA681E-C7D8-13C7-8484-4AC65E1B71E8}
		{BD34BF19-43A3-48D3-8AF7-456105EA577C} = {02EA681E-C7D8-13C7-8484-4AC65E1B71E8}
		{AB45520D-806E-4D99-80B2-86C136C9FCDA} = {02EA681E-C7D8-13C7-8484-4AC65E1B71E8}
		{EDF097B2-44C5-4891-9876-617A935B6B5F} = {02EA681E-C7D8-13C7-8484-4AC65E1B71E8}
		{B5249A59-AEBA-4471-ABA8-098D77973F1B} = {02EA681E-C7D8-13C7-8484-4AC65E1B71E8}
		{4D74383D-3F9C-46AC-A99A-1C9E74C9A0A4} = {D145BBD8-89BC-4AFA-87A4-D2559D7BF925}
		{1B183D8B-374F-49F6-BD36-E761220B4E96} = {BD34BF19-43A3-48D3-8AF7-456105EA577C}
		{E0863265-D9C5-4609-AD91-EBE156E9F1D0} = {AB45520D-806E-4D99-80B2-86C136C9FCDA}
		{3D7D8913-E477-48BB-8F9E-0EDC947BC089} = {EDF097B2-44C5-4891-9876-617A935B6B5F}
		{E677EA9A-3835-46D8-AB30-F5F35EC6FB13} = {B5249A59-AEBA-4471-ABA8-098D77973F1B}
		{13DA4E93-6C98-44EC-AE1E-155FDC74BC6C} = {96632BD4-74D3-47B8-9566-F5C6A5524C80}
		{E751C3AF-B87C-4F98-A494-1A22266EEC9D} = {96632BD4-74D3-47B8-9566-F5C6A5524C80}
		{6939F59B-4315-44D7-B051-357BDC8E77F9} = {96632BD4-74D3-47B8-9566-F5C6A5524C80}
		{5651D481-91DD-4854-9AC6-BF0F844F4F94} = {13DA4E93-6C98-44EC-AE1E-155FDC74BC6C}
		{866C14AF-80F3-40F5-80F8-E1D01E1DCC63} = {E751C3AF-B87C-4F98-A494-1A22266EEC9D}
		{A44B9DC5-D8A4-45AF-B5FF-4EE6085B5DE3} = {6939F59B-4315-44D7-B051-357BDC8E77F9}
		{CF0CE0EF-174F-4D4D-B9B9-2DD9ADD24D9C} = {036B00CA-1F66-4FE2-BF4F-76B65301707A}
		{D481C329-16DA-43AE-ACE7-7EE95AD5AEA0} = {036B00CA-1F66-4FE2-BF4F-76B65301707A}
		{BABD21BD-62BF-4E1E-8F8A-D20A74DF34B2} = {036B00CA-1F66-4FE2-BF4F-76B65301707A}
		{05B185D2-5EBD-44FA-ABCE-CD54ED3F52D0} = {CF0CE0EF-174F-4D4D-B9B9-2DD9ADD24D9C}
		{E33D3788-68A4-49E9-9C4B-BBC8783B199B} = {D481C329-16DA-43AE-ACE7-7EE95AD5AEA0}
		{63E33AFB-23BC-4DF1-9EEB-29ACDD446EE2} = {BABD21BD-62BF-4E1E-8F8A-D20A74DF34B2}
		{42DE3A94-6F66-4BA5-9CBB-1428ADE6D75A} = {AB85DBD2-ACCD-47AC-A780-057A35BFB394}
		{77110AA4-CB17-49DE-8AE5-266F3747DCA4} = {FBDB6975-2CFB-406C-B50E-E91CF7824C88}
		{AB85DBD2-ACCD-47AC-A780-057A35BFB394} = {CADEC398-28BD-460B-92C4-9FA6D2236207}
		{FBDB6975-2CFB-406C-B50E-E91CF7824C88} = {CADEC398-28BD-460B-92C4-9FA6D2236207}
		{027CBC59-DFF1-49AC-99A0-BF67350A32E4} = {CADEC398-28BD-460B-92C4-9FA6D2236207}
		{D5DF6FDC-33E6-4E09-8BD1-F7435D9518C8} = {027CBC59-DFF1-49AC-99A0-BF67350A32E4}
		{B5B54475-16E4-4FB1-B5E1-8E839DACAE29} = {EBCB258C-2B37-4F73-92B5-E8026A3325D4}
		{DDF73A8F-A465-44A7-B697-5C8074862750} = {EBCB258C-2B37-4F73-92B5-E8026A3325D4}
		{E9302EC7-2880-47CC-811E-B13E9CB595D8} = {EBCB258C-2B37-4F73-92B5-E8026A3325D4}
		{D2CB404C-78BD-4D6B-BFE9-57383ABCBFD1} = {B5B54475-16E4-4FB1-B5E1-8E839DACAE29}
		{C12965CF-ED5D-4F24-A217-7D5DD68E0ABC} = {DDF73A8F-A465-44A7-B697-5C8074862750}
		{B8A0F15A-DCBE-4FC2-B238-D7BA492DFED8} = {E9302EC7-2880-47CC-811E-B13E9CB595D8}
		{3304D142-2D4E-4D21-8167-ED1FC2A4B851} = {FFBE395B-C410-4418-B024-C8BCAEAB6AC5}
		{8138FCCA-2516-44DA-9917-39C674FE97A3} = {B8C5D2D1-95AC-439E-A7A9-47BCF6B3A324}
		{E2845FA8-BFA9-4736-9CDE-3428F567B86B} = {AC2EE22D-F80E-49C6-A6B6-B6E8711B8D07}
	EndGlobalSection
	GlobalSection(ExtensibilityGlobals) = postSolution
		SolutionGuid = {FFF5794F-0705-4507-A936-45B839F4C164}
	EndGlobalSection
EndGlobal
